
Microsoft Visual Studio Solution File, Format Version 12.00
# Visual Studio Version 17
VisualStudioVersion = 17.14.36121.58
MinimumVisualStudioVersion = 10.0.40219.1
Project("{FAE04EC0-301F-11D3-BF4B-00C04F79EFBC}") = "NutritionSystem.Domain", "NutritionSystem.Domain\NutritionSystem.Domain.csproj", "{2A6E3A56-A891-4851-8C5F-C5DE8E3A75A8}"
EndProject
Project("{FAE04EC0-301F-11D3-BF4B-00C04F79EFBC}") = "NutritionSystem.Application", "NutritionSystem.Application\NutritionSystem.Application.csproj", "{2254FC92-D6ED-41A2-B351-5B14AEB1AC0E}"
EndProject
Project("{FAE04EC0-301F-11D3-BF4B-00C04F79EFBC}") = "NutritionSystem.Infrastructure", "NutritionSystem.Infrastructure\NutritionSystem.Infrastructure.csproj", "{AB506656-46FF-4323-B010-5A7750B6FE91}"
EndProject
Project("{FAE04EC0-301F-11D3-BF4B-00C04F79EFBC}") = "NutritionSystem.API", "NutritionSystem.API\NutritionSystem.API.csproj", "{CF170BAC-BFCC-4764-BDA0-FBD1ED8F0CC8}"
EndProject
Project("{FAE04EC0-301F-11D3-BF4B-00C04F79EFBC}") = "NutritionSystem.Integration", "NutritionSystem.Integration\NutritionSystem.Integration.csproj", "{B5371058-310E-4AA1-A43B-816DBC96BB1F}"
EndProject
Project("{FAE04EC0-301F-11D3-BF4B-00C04F79EFBC}") = "WorkerService", "WorkerService\WorkerService.csproj", "{4005910C-9D33-4E7F-9F77-7D277C4B82F3}"
EndProject
Global
	GlobalSection(SolutionConfigurationPlatforms) = preSolution
		Debug|Any CPU = Debug|Any CPU
		Release|Any CPU = Release|Any CPU
	EndGlobalSection
	GlobalSection(ProjectConfigurationPlatforms) = postSolution
		{2A6E3A56-A891-4851-8C5F-C5DE8E3A75A8}.Debug|Any CPU.ActiveCfg = Debug|Any CPU
		{2A6E3A56-A891-4851-8C5F-C5DE8E3A75A8}.Debug|Any CPU.Build.0 = Debug|Any CPU
		{2A6E3A56-A891-4851-8C5F-C5DE8E3A75A8}.Release|Any CPU.ActiveCfg = Release|Any CPU
		{2A6E3A56-A891-4851-8C5F-C5DE8E3A75A8}.Release|Any CPU.Build.0 = Release|Any CPU
		{2254FC92-D6ED-41A2-B351-5B14AEB1AC0E}.Debug|Any CPU.ActiveCfg = Debug|Any CPU
		{2254FC92-D6ED-41A2-B351-5B14AEB1AC0E}.Debug|Any CPU.Build.0 = Debug|Any CPU
		{2254FC92-D6ED-41A2-B351-5B14AEB1AC0E}.Release|Any CPU.ActiveCfg = Release|Any CPU
		{2254FC92-D6ED-41A2-B351-5B14AEB1AC0E}.Release|Any CPU.Build.0 = Release|Any CPU
		{AB506656-46FF-4323-B010-5A7750B6FE91}.Debug|Any CPU.ActiveCfg = Debug|Any CPU
		{AB506656-46FF-4323-B010-5A7750B6FE91}.Debug|Any CPU.Build.0 = Debug|Any CPU
		{AB506656-46FF-4323-B010-5A7750B6FE91}.Release|Any CPU.ActiveCfg = Release|Any CPU
		{AB506656-46FF-4323-B010-5A7750B6FE91}.Release|Any CPU.Build.0 = Release|Any CPU
		{CF170BAC-BFCC-4764-BDA0-FBD1ED8F0CC8}.Debug|Any CPU.ActiveCfg = Debug|Any CPU
		{CF170BAC-BFCC-4764-BDA0-FBD1ED8F0CC8}.Debug|Any CPU.Build.0 = Debug|Any CPU
		{CF170BAC-BFCC-4764-BDA0-FBD1ED8F0CC8}.Release|Any CPU.ActiveCfg = Release|Any CPU
		{CF170BAC-BFCC-4764-BDA0-FBD1ED8F0CC8}.Release|Any CPU.Build.0 = Release|Any CPU
		{B5371058-310E-4AA1-A43B-816DBC96BB1F}.Debug|Any CPU.ActiveCfg = Debug|Any CPU
		{B5371058-310E-4AA1-A43B-816DBC96BB1F}.Debug|Any CPU.Build.0 = Debug|Any CPU
		{B5371058-310E-4AA1-A43B-816DBC96BB1F}.Release|Any CPU.ActiveCfg = Release|Any CPU
		{B5371058-310E-4AA1-A43B-816DBC96BB1F}.Release|Any CPU.Build.0 = Release|Any CPU
		{4005910C-9D33-4E7F-9F77-7D277C4B82F3}.Debug|Any CPU.ActiveCfg = Debug|Any CPU
		{4005910C-9D33-4E7F-9F77-7D277C4B82F3}.Debug|Any CPU.Build.0 = Debug|Any CPU
		{4005910C-9D33-4E7F-9F77-7D277C4B82F3}.Release|Any CPU.ActiveCfg = Release|Any CPU
		{4005910C-9D33-4E7F-9F77-7D277C4B82F3}.Release|Any CPU.Build.0 = Release|Any CPU
	EndGlobalSection
	GlobalSection(SolutionProperties) = preSolution
		HideSolutionNode = FALSE
	EndGlobalSection
	GlobalSection(ExtensibilityGlobals) = postSolution
		SolutionGuid = {39C84C95-6428-43AC-8427-3CEA14E55137}
	EndGlobalSection
EndGlobal
